// !$*UTF8*$!
{
	archiveVersion = 1;
	classes = {
	};
	objectVersion = 50;
	objects = {

/* Begin PBXBuildFile section */
		92326FC7217681170044414B /* AppDelegate.swift in Sources */ = {isa = PBXBuildFile; fileRef = 92326FC6217681170044414B /* AppDelegate.swift */; };
		92326FE121768AE40044414B /* Core.h in Headers */ = {isa = PBXBuildFile; fileRef = 92326FDF21768AE40044414B /* Core.h */; settings = {ATTRIBUTES = (Public, ); }; };
		92326FE421768AE40044414B /* Core.framework in Frameworks */ = {isa = PBXBuildFile; fileRef = 92326FDD21768AE40044414B /* Core.framework */; };
		92326FE521768AE40044414B /* Core.framework in Embed Frameworks */ = {isa = PBXBuildFile; fileRef = 92326FDD21768AE40044414B /* Core.framework */; settings = {ATTRIBUTES = (CodeSignOnCopy, RemoveHeadersOnCopy, ); }; };
		92326FF621768B200044414B /* Assets.xcassets in Resources */ = {isa = PBXBuildFile; fileRef = 92326FED21768B1F0044414B /* Assets.xcassets */; };
		92326FF721768B200044414B /* LaunchScreen.storyboard in Resources */ = {isa = PBXBuildFile; fileRef = 92326FEE21768B1F0044414B /* LaunchScreen.storyboard */; };
		9232700321768E100044414B /* SwiftGen.h in Headers */ = {isa = PBXBuildFile; fileRef = 9232700121768E100044414B /* SwiftGen.h */; settings = {ATTRIBUTES = (Public, ); }; };
		9232700621768E100044414B /* SwiftGen.framework in Frameworks */ = {isa = PBXBuildFile; fileRef = 92326FFF21768E100044414B /* SwiftGen.framework */; };
		9232700721768E100044414B /* SwiftGen.framework in Embed Frameworks */ = {isa = PBXBuildFile; fileRef = 92326FFF21768E100044414B /* SwiftGen.framework */; settings = {ATTRIBUTES = (CodeSignOnCopy, RemoveHeadersOnCopy, ); }; };
		9232701D217693190044414B /* Cart.storyboard in Resources */ = {isa = PBXBuildFile; fileRef = 92327017217693190044414B /* Cart.storyboard */; };
		9232701E217693190044414B /* CartFlowAssembly.swift in Sources */ = {isa = PBXBuildFile; fileRef = 92327018217693190044414B /* CartFlowAssembly.swift */; };
		92327022217693190044414B /* CartFlowCoordinator.swift in Sources */ = {isa = PBXBuildFile; fileRef = 9232701C217693190044414B /* CartFlowCoordinator.swift */; };
		9232702D217695B60044414B /* Localizable.strings in Resources */ = {isa = PBXBuildFile; fileRef = 9232702F217695B60044414B /* Localizable.strings */; };
		92327034217696070044414B /* strings-custom.stencil in Resources */ = {isa = PBXBuildFile; fileRef = 92327032217696070044414B /* strings-custom.stencil */; };
		92327036217696CE0044414B /* BaseBinder.swift in Sources */ = {isa = PBXBuildFile; fileRef = 92327035217696CE0044414B /* BaseBinder.swift */; };
		9232703A217696F20044414B /* NavigationDisposePool.swift in Sources */ = {isa = PBXBuildFile; fileRef = 92327038217696F20044414B /* NavigationDisposePool.swift */; };
		9232703B217696F20044414B /* NavigationCoordinator.swift in Sources */ = {isa = PBXBuildFile; fileRef = 92327039217696F20044414B /* NavigationCoordinator.swift */; };
		9232703E217697130044414B /* Images.swift in Sources */ = {isa = PBXBuildFile; fileRef = 9232703C217697130044414B /* Images.swift */; };
		9232703F217697130044414B /* Storyboards.swift in Sources */ = {isa = PBXBuildFile; fileRef = 9232703D217697130044414B /* Storyboards.swift */; };
		923270412176971D0044414B /* Texts.swift in Sources */ = {isa = PBXBuildFile; fileRef = 923270402176971D0044414B /* Texts.swift */; };
		92327043217697880044414B /* DependencyHelper.swift in Sources */ = {isa = PBXBuildFile; fileRef = 92327042217697880044414B /* DependencyHelper.swift */; };
		92327045217697980044414B /* Assembler.swift in Sources */ = {isa = PBXBuildFile; fileRef = 92327044217697980044414B /* Assembler.swift */; };
		9232707B2176980C0044414B /* DomainServicesAssembly.swift in Sources */ = {isa = PBXBuildFile; fileRef = 923270512176980C0044414B /* DomainServicesAssembly.swift */; };
		9232707E2176980C0044414B /* RepositoriesAssembly.swift in Sources */ = {isa = PBXBuildFile; fileRef = 923270552176980C0044414B /* RepositoriesAssembly.swift */; };
		9232708B2176980C0044414B /* FileService.swift in Sources */ = {isa = PBXBuildFile; fileRef = 923270682176980C0044414B /* FileService.swift */; };
		9232708C2176980C0044414B /* InfrastructureServicesAssembly.swift in Sources */ = {isa = PBXBuildFile; fileRef = 923270692176980C0044414B /* InfrastructureServicesAssembly.swift */; };
		92AE29482177C2D600A75415 /* cart.json in Resources */ = {isa = PBXBuildFile; fileRef = 92AE29462177C2D600A75415 /* cart.json */; };
		92AE29492177C2D600A75415 /* products.json in Resources */ = {isa = PBXBuildFile; fileRef = 92AE29472177C2D600A75415 /* products.json */; };
		92AE294C2177C36300A75415 /* Product.swift in Sources */ = {isa = PBXBuildFile; fileRef = 92AE294B2177C36300A75415 /* Product.swift */; };
		92AE294E2177C42500A75415 /* ProductFileRepository.swift in Sources */ = {isa = PBXBuildFile; fileRef = 92AE294D2177C42500A75415 /* ProductFileRepository.swift */; };
		92AE29572177F87700A75415 /* df.swift in Sources */ = {isa = PBXBuildFile; fileRef = 92AE29562177F87700A75415 /* df.swift */; };
		92E16E59217B746C0074F4B0 /* InCartProduct.swift in Sources */ = {isa = PBXBuildFile; fileRef = 92E16E58217B746C0074F4B0 /* InCartProduct.swift */; };
		92E16E5B217B7B2D0074F4B0 /* InCartProductFileRepository.swift in Sources */ = {isa = PBXBuildFile; fileRef = 92E16E5A217B7B2D0074F4B0 /* InCartProductFileRepository.swift */; };
		92E2A56A217B9834005D63CB /* BehaviorSubject.swift in Sources */ = {isa = PBXBuildFile; fileRef = 92E2A569217B9834005D63CB /* BehaviorSubject.swift */; };
		92E2A56D217C9288005D63CB /* Localizable.stringsdict in Resources */ = {isa = PBXBuildFile; fileRef = 92E2A56F217C9288005D63CB /* Localizable.stringsdict */; };
		92E2A572217C9FCE005D63CB /* UIView+Corners.swift in Sources */ = {isa = PBXBuildFile; fileRef = 92E2A571217C9FCE005D63CB /* UIView+Corners.swift */; };
		92E2A57A217D00AE005D63CB /* ProductCell.swift in Sources */ = {isa = PBXBuildFile; fileRef = 92E2A575217D00AE005D63CB /* ProductCell.swift */; };
		92E2A57B217D00AE005D63CB /* CartController.swift in Sources */ = {isa = PBXBuildFile; fileRef = 92E2A576217D00AE005D63CB /* CartController.swift */; };
		92E2A57C217D00AE005D63CB /* CartBinder.swift in Sources */ = {isa = PBXBuildFile; fileRef = 92E2A577217D00AE005D63CB /* CartBinder.swift */; };
		92E2A57D217D00AE005D63CB /* CartModel.swift in Sources */ = {isa = PBXBuildFile; fileRef = 92E2A578217D00AE005D63CB /* CartModel.swift */; };
		92E2A57E217D00AE005D63CB /* ProductCell.xib in Resources */ = {isa = PBXBuildFile; fileRef = 92E2A579217D00AE005D63CB /* ProductCell.xib */; };
		92E2A582217D0169005D63CB /* CheckoutController.swift in Sources */ = {isa = PBXBuildFile; fileRef = 92E2A57F217D0169005D63CB /* CheckoutController.swift */; };
		92E2A583217D0169005D63CB /* CheckoutBinder.swift in Sources */ = {isa = PBXBuildFile; fileRef = 92E2A580217D0169005D63CB /* CheckoutBinder.swift */; };
		92E2A584217D0169005D63CB /* CheckoutModel.swift in Sources */ = {isa = PBXBuildFile; fileRef = 92E2A581217D0169005D63CB /* CheckoutModel.swift */; };
		92E2A586217D0311005D63CB /* CartEvents.swift in Sources */ = {isa = PBXBuildFile; fileRef = 92E2A585217D0311005D63CB /* CartEvents.swift */; };
		AD4DCE55126E655EBD0EE61B /* Pods_SwiftGen.framework in Frameworks */ = {isa = PBXBuildFile; fileRef = 6ACCCF3885B7478628BD8C29 /* Pods_SwiftGen.framework */; };
		B6884015D267EE5D1AC85EFC /* Pods_Core.framework in Frameworks */ = {isa = PBXBuildFile; fileRef = A95A872450AB461EB9F53946 /* Pods_Core.framework */; };
		E1C6D012282567B0DD655990 /* Pods_OwoxCart.framework in Frameworks */ = {isa = PBXBuildFile; fileRef = 79CB1D890490743D61E9A118 /* Pods_OwoxCart.framework */; };
/* End PBXBuildFile section */

/* Begin PBXContainerItemProxy section */
		92326FE221768AE40044414B /* PBXContainerItemProxy */ = {
			isa = PBXContainerItemProxy;
			containerPortal = 92326FBB217681160044414B /* Project object */;
			proxyType = 1;
			remoteGlobalIDString = 92326FDC21768AE40044414B;
			remoteInfo = Core;
		};
		9232700421768E100044414B /* PBXContainerItemProxy */ = {
			isa = PBXContainerItemProxy;
			containerPortal = 92326FBB217681160044414B /* Project object */;
			proxyType = 1;
			remoteGlobalIDString = 92326FFE21768E100044414B;
			remoteInfo = SwiftGen;
		};
		92327025217694D90044414B /* PBXContainerItemProxy */ = {
			isa = PBXContainerItemProxy;
			containerPortal = 92326FBB217681160044414B /* Project object */;
			proxyType = 1;
			remoteGlobalIDString = 92326FFE21768E100044414B;
			remoteInfo = SwiftGen;
		};
/* End PBXContainerItemProxy section */

/* Begin PBXCopyFilesBuildPhase section */
		92326FE921768AE40044414B /* Embed Frameworks */ = {
			isa = PBXCopyFilesBuildPhase;
			buildActionMask = 2147483647;
			dstPath = "";
			dstSubfolderSpec = 10;
			files = (
				92326FE521768AE40044414B /* Core.framework in Embed Frameworks */,
				9232700721768E100044414B /* SwiftGen.framework in Embed Frameworks */,
			);
			name = "Embed Frameworks";
			runOnlyForDeploymentPostprocessing = 0;
		};
/* End PBXCopyFilesBuildPhase section */

/* Begin PBXFileReference section */
		01C95D676203593D7CB7ADBD /* Pods-OwoxCart.debug.xcconfig */ = {isa = PBXFileReference; includeInIndex = 1; lastKnownFileType = text.xcconfig; name = "Pods-OwoxCart.debug.xcconfig"; path = "Pods/Target Support Files/Pods-OwoxCart/Pods-OwoxCart.debug.xcconfig"; sourceTree = "<group>"; };
		4FBA0CC29A9DDA1394B748E2 /* Pods-OwoxCart.release.xcconfig */ = {isa = PBXFileReference; includeInIndex = 1; lastKnownFileType = text.xcconfig; name = "Pods-OwoxCart.release.xcconfig"; path = "Pods/Target Support Files/Pods-OwoxCart/Pods-OwoxCart.release.xcconfig"; sourceTree = "<group>"; };
		5991A74C932BEB9DB31EA216 /* Pods-Core.release.xcconfig */ = {isa = PBXFileReference; includeInIndex = 1; lastKnownFileType = text.xcconfig; name = "Pods-Core.release.xcconfig"; path = "Pods/Target Support Files/Pods-Core/Pods-Core.release.xcconfig"; sourceTree = "<group>"; };
		6427AEF666C76563AAE3177B /* Pods-SwiftGen.release.xcconfig */ = {isa = PBXFileReference; includeInIndex = 1; lastKnownFileType = text.xcconfig; name = "Pods-SwiftGen.release.xcconfig"; path = "Pods/Target Support Files/Pods-SwiftGen/Pods-SwiftGen.release.xcconfig"; sourceTree = "<group>"; };
		6ACCCF3885B7478628BD8C29 /* Pods_SwiftGen.framework */ = {isa = PBXFileReference; explicitFileType = wrapper.framework; includeInIndex = 0; path = Pods_SwiftGen.framework; sourceTree = BUILT_PRODUCTS_DIR; };
		79CB1D890490743D61E9A118 /* Pods_OwoxCart.framework */ = {isa = PBXFileReference; explicitFileType = wrapper.framework; includeInIndex = 0; path = Pods_OwoxCart.framework; sourceTree = BUILT_PRODUCTS_DIR; };
		92326FC3217681170044414B /* OwoxCart.app */ = {isa = PBXFileReference; explicitFileType = wrapper.application; includeInIndex = 0; path = OwoxCart.app; sourceTree = BUILT_PRODUCTS_DIR; };
		92326FC6217681170044414B /* AppDelegate.swift */ = {isa = PBXFileReference; lastKnownFileType = sourcecode.swift; path = AppDelegate.swift; sourceTree = "<group>"; };
		92326FDD21768AE40044414B /* Core.framework */ = {isa = PBXFileReference; explicitFileType = wrapper.framework; includeInIndex = 0; path = Core.framework; sourceTree = BUILT_PRODUCTS_DIR; };
		92326FDF21768AE40044414B /* Core.h */ = {isa = PBXFileReference; lastKnownFileType = sourcecode.c.h; path = Core.h; sourceTree = "<group>"; };
		92326FE021768AE40044414B /* Info.plist */ = {isa = PBXFileReference; lastKnownFileType = text.plist.xml; path = Info.plist; sourceTree = "<group>"; };
		92326FEB21768B1F0044414B /* Info.plist */ = {isa = PBXFileReference; fileEncoding = 4; lastKnownFileType = text.plist.xml; path = Info.plist; sourceTree = "<group>"; };
		92326FED21768B1F0044414B /* Assets.xcassets */ = {isa = PBXFileReference; lastKnownFileType = folder.assetcatalog; path = Assets.xcassets; sourceTree = "<group>"; };
		92326FFF21768E100044414B /* SwiftGen.framework */ = {isa = PBXFileReference; explicitFileType = wrapper.framework; includeInIndex = 0; path = SwiftGen.framework; sourceTree = BUILT_PRODUCTS_DIR; };
		9232700121768E100044414B /* SwiftGen.h */ = {isa = PBXFileReference; lastKnownFileType = sourcecode.c.h; path = SwiftGen.h; sourceTree = "<group>"; };
		9232700221768E100044414B /* Info.plist */ = {isa = PBXFileReference; lastKnownFileType = text.plist.xml; path = Info.plist; sourceTree = "<group>"; };
		92327017217693190044414B /* Cart.storyboard */ = {isa = PBXFileReference; fileEncoding = 4; lastKnownFileType = file.storyboard; path = Cart.storyboard; sourceTree = "<group>"; };
		92327018217693190044414B /* CartFlowAssembly.swift */ = {isa = PBXFileReference; fileEncoding = 4; lastKnownFileType = sourcecode.swift; path = CartFlowAssembly.swift; sourceTree = "<group>"; };
		9232701C217693190044414B /* CartFlowCoordinator.swift */ = {isa = PBXFileReference; fileEncoding = 4; lastKnownFileType = sourcecode.swift; path = CartFlowCoordinator.swift; sourceTree = "<group>"; };
		92327032217696070044414B /* strings-custom.stencil */ = {isa = PBXFileReference; fileEncoding = 4; lastKnownFileType = text; path = "strings-custom.stencil"; sourceTree = "<group>"; };
		92327035217696CE0044414B /* BaseBinder.swift */ = {isa = PBXFileReference; fileEncoding = 4; lastKnownFileType = sourcecode.swift; path = BaseBinder.swift; sourceTree = "<group>"; };
		92327038217696F20044414B /* NavigationDisposePool.swift */ = {isa = PBXFileReference; fileEncoding = 4; lastKnownFileType = sourcecode.swift; path = NavigationDisposePool.swift; sourceTree = "<group>"; };
		92327039217696F20044414B /* NavigationCoordinator.swift */ = {isa = PBXFileReference; fileEncoding = 4; lastKnownFileType = sourcecode.swift; path = NavigationCoordinator.swift; sourceTree = "<group>"; };
		9232703C217697130044414B /* Images.swift */ = {isa = PBXFileReference; fileEncoding = 4; lastKnownFileType = sourcecode.swift; path = Images.swift; sourceTree = "<group>"; };
		9232703D217697130044414B /* Storyboards.swift */ = {isa = PBXFileReference; fileEncoding = 4; lastKnownFileType = sourcecode.swift; path = Storyboards.swift; sourceTree = "<group>"; };
		923270402176971D0044414B /* Texts.swift */ = {isa = PBXFileReference; fileEncoding = 4; lastKnownFileType = sourcecode.swift; path = Texts.swift; sourceTree = "<group>"; };
		92327042217697880044414B /* DependencyHelper.swift */ = {isa = PBXFileReference; fileEncoding = 4; lastKnownFileType = sourcecode.swift; path = DependencyHelper.swift; sourceTree = "<group>"; };
		92327044217697980044414B /* Assembler.swift */ = {isa = PBXFileReference; fileEncoding = 4; lastKnownFileType = sourcecode.swift; path = Assembler.swift; sourceTree = "<group>"; };
		923270512176980C0044414B /* DomainServicesAssembly.swift */ = {isa = PBXFileReference; fileEncoding = 4; lastKnownFileType = sourcecode.swift; path = DomainServicesAssembly.swift; sourceTree = "<group>"; };
		923270552176980C0044414B /* RepositoriesAssembly.swift */ = {isa = PBXFileReference; fileEncoding = 4; lastKnownFileType = sourcecode.swift; path = RepositoriesAssembly.swift; sourceTree = "<group>"; };
		923270682176980C0044414B /* FileService.swift */ = {isa = PBXFileReference; fileEncoding = 4; lastKnownFileType = sourcecode.swift; path = FileService.swift; sourceTree = "<group>"; };
		923270692176980C0044414B /* InfrastructureServicesAssembly.swift */ = {isa = PBXFileReference; fileEncoding = 4; lastKnownFileType = sourcecode.swift; path = InfrastructureServicesAssembly.swift; sourceTree = "<group>"; };
		92AE29462177C2D600A75415 /* cart.json */ = {isa = PBXFileReference; fileEncoding = 4; lastKnownFileType = text.json; path = cart.json; sourceTree = "<group>"; };
		92AE29472177C2D600A75415 /* products.json */ = {isa = PBXFileReference; fileEncoding = 4; lastKnownFileType = text.json; path = products.json; sourceTree = "<group>"; };
		92AE294B2177C36300A75415 /* Product.swift */ = {isa = PBXFileReference; lastKnownFileType = sourcecode.swift; path = Product.swift; sourceTree = "<group>"; };
		92AE294D2177C42500A75415 /* ProductFileRepository.swift */ = {isa = PBXFileReference; lastKnownFileType = sourcecode.swift; path = ProductFileRepository.swift; sourceTree = "<group>"; };
		92AE29532177F46B00A75415 /* en */ = {isa = PBXFileReference; lastKnownFileType = text.plist.strings; name = en; path = en.lproj/Localizable.strings; sourceTree = "<group>"; };
		92AE29542177F47800A75415 /* Base */ = {isa = PBXFileReference; lastKnownFileType = file.storyboard; name = Base; path = Base.lproj/LaunchScreen.storyboard; sourceTree = "<group>"; };
		92AE29562177F87700A75415 /* df.swift */ = {isa = PBXFileReference; lastKnownFileType = sourcecode.swift; path = df.swift; sourceTree = "<group>"; };
		92AE29582177FCAA00A75415 /* ru */ = {isa = PBXFileReference; lastKnownFileType = text.plist.strings; name = ru; path = ru.lproj/Localizable.strings; sourceTree = "<group>"; };
		92E16E58217B746C0074F4B0 /* InCartProduct.swift */ = {isa = PBXFileReference; lastKnownFileType = sourcecode.swift; path = InCartProduct.swift; sourceTree = "<group>"; };
		92E16E5A217B7B2D0074F4B0 /* InCartProductFileRepository.swift */ = {isa = PBXFileReference; lastKnownFileType = sourcecode.swift; path = InCartProductFileRepository.swift; sourceTree = "<group>"; };
		92E2A569217B9834005D63CB /* BehaviorSubject.swift */ = {isa = PBXFileReference; fileEncoding = 4; lastKnownFileType = sourcecode.swift; path = BehaviorSubject.swift; sourceTree = "<group>"; };
		92E2A56E217C9288005D63CB /* en */ = {isa = PBXFileReference; lastKnownFileType = text.plist.stringsdict; name = en; path = en.lproj/Localizable.stringsdict; sourceTree = "<group>"; };
		92E2A570217C928B005D63CB /* ru */ = {isa = PBXFileReference; lastKnownFileType = text.plist.stringsdict; name = ru; path = ru.lproj/Localizable.stringsdict; sourceTree = "<group>"; };
		92E2A571217C9FCE005D63CB /* UIView+Corners.swift */ = {isa = PBXFileReference; fileEncoding = 4; lastKnownFileType = sourcecode.swift; path = "UIView+Corners.swift"; sourceTree = "<group>"; };
		92E2A575217D00AE005D63CB /* ProductCell.swift */ = {isa = PBXFileReference; fileEncoding = 4; lastKnownFileType = sourcecode.swift; path = ProductCell.swift; sourceTree = "<group>"; };
		92E2A576217D00AE005D63CB /* CartController.swift */ = {isa = PBXFileReference; fileEncoding = 4; lastKnownFileType = sourcecode.swift; path = CartController.swift; sourceTree = "<group>"; };
		92E2A577217D00AE005D63CB /* CartBinder.swift */ = {isa = PBXFileReference; fileEncoding = 4; lastKnownFileType = sourcecode.swift; path = CartBinder.swift; sourceTree = "<group>"; };
		92E2A578217D00AE005D63CB /* CartModel.swift */ = {isa = PBXFileReference; fileEncoding = 4; lastKnownFileType = sourcecode.swift; path = CartModel.swift; sourceTree = "<group>"; };
		92E2A579217D00AE005D63CB /* ProductCell.xib */ = {isa = PBXFileReference; fileEncoding = 4; lastKnownFileType = file.xib; path = ProductCell.xib; sourceTree = "<group>"; };
		92E2A57F217D0169005D63CB /* CheckoutController.swift */ = {isa = PBXFileReference; lastKnownFileType = sourcecode.swift; path = CheckoutController.swift; sourceTree = "<group>"; };
		92E2A580217D0169005D63CB /* CheckoutBinder.swift */ = {isa = PBXFileReference; lastKnownFileType = sourcecode.swift; path = CheckoutBinder.swift; sourceTree = "<group>"; };
		92E2A581217D0169005D63CB /* CheckoutModel.swift */ = {isa = PBXFileReference; lastKnownFileType = sourcecode.swift; path = CheckoutModel.swift; sourceTree = "<group>"; };
		92E2A585217D0311005D63CB /* CartEvents.swift */ = {isa = PBXFileReference; lastKnownFileType = sourcecode.swift; path = CartEvents.swift; sourceTree = "<group>"; };
		9F3CB1180A6A3C416C4C201A /* Pods-Core.debug.xcconfig */ = {isa = PBXFileReference; includeInIndex = 1; lastKnownFileType = text.xcconfig; name = "Pods-Core.debug.xcconfig"; path = "Pods/Target Support Files/Pods-Core/Pods-Core.debug.xcconfig"; sourceTree = "<group>"; };
		A95A872450AB461EB9F53946 /* Pods_Core.framework */ = {isa = PBXFileReference; explicitFileType = wrapper.framework; includeInIndex = 0; path = Pods_Core.framework; sourceTree = BUILT_PRODUCTS_DIR; };
		D8E63BF54F598E188BCFD0D4 /* Pods-SwiftGen.debug.xcconfig */ = {isa = PBXFileReference; includeInIndex = 1; lastKnownFileType = text.xcconfig; name = "Pods-SwiftGen.debug.xcconfig"; path = "Pods/Target Support Files/Pods-SwiftGen/Pods-SwiftGen.debug.xcconfig"; sourceTree = "<group>"; };
/* End PBXFileReference section */

/* Begin PBXFrameworksBuildPhase section */
		92326FC0217681160044414B /* Frameworks */ = {
			isa = PBXFrameworksBuildPhase;
			buildActionMask = 2147483647;
			files = (
				9232700621768E100044414B /* SwiftGen.framework in Frameworks */,
				92326FE421768AE40044414B /* Core.framework in Frameworks */,
				E1C6D012282567B0DD655990 /* Pods_OwoxCart.framework in Frameworks */,
			);
			runOnlyForDeploymentPostprocessing = 0;
		};
		92326FDA21768AE40044414B /* Frameworks */ = {
			isa = PBXFrameworksBuildPhase;
			buildActionMask = 2147483647;
			files = (
				B6884015D267EE5D1AC85EFC /* Pods_Core.framework in Frameworks */,
			);
			runOnlyForDeploymentPostprocessing = 0;
		};
		92326FFC21768E100044414B /* Frameworks */ = {
			isa = PBXFrameworksBuildPhase;
			buildActionMask = 2147483647;
			files = (
				AD4DCE55126E655EBD0EE61B /* Pods_SwiftGen.framework in Frameworks */,
			);
			runOnlyForDeploymentPostprocessing = 0;
		};
/* End PBXFrameworksBuildPhase section */

/* Begin PBXGroup section */
		1BF835A3BA533EA27D0447D2 /* Pods */ = {
			isa = PBXGroup;
			children = (
				9F3CB1180A6A3C416C4C201A /* Pods-Core.debug.xcconfig */,
				5991A74C932BEB9DB31EA216 /* Pods-Core.release.xcconfig */,
				01C95D676203593D7CB7ADBD /* Pods-OwoxCart.debug.xcconfig */,
				4FBA0CC29A9DDA1394B748E2 /* Pods-OwoxCart.release.xcconfig */,
				D8E63BF54F598E188BCFD0D4 /* Pods-SwiftGen.debug.xcconfig */,
				6427AEF666C76563AAE3177B /* Pods-SwiftGen.release.xcconfig */,
			);
			name = Pods;
			sourceTree = "<group>";
		};
		92326FBA217681160044414B = {
			isa = PBXGroup;
			children = (
				92326FC5217681170044414B /* OwoxCart */,
				92326FDE21768AE40044414B /* Core */,
				9232700021768E100044414B /* SwiftGen */,
				92326FC4217681170044414B /* Products */,
				1BF835A3BA533EA27D0447D2 /* Pods */,
				C80D61BE291D90DE0DD576AA /* Frameworks */,
			);
			sourceTree = "<group>";
		};
		92326FC4217681170044414B /* Products */ = {
			isa = PBXGroup;
			children = (
				92326FC3217681170044414B /* OwoxCart.app */,
				92326FDD21768AE40044414B /* Core.framework */,
				92326FFF21768E100044414B /* SwiftGen.framework */,
			);
			name = Products;
			sourceTree = "<group>";
		};
		92326FC5217681170044414B /* OwoxCart */ = {
			isa = PBXGroup;
			children = (
				92326FF221768B1F0044414B /* Common */,
				92326FF321768B1F0044414B /* Flows */,
				92326FEC21768B1F0044414B /* Resources */,
				92326FEA21768B1F0044414B /* Supporting Files */,
				92326FC6217681170044414B /* AppDelegate.swift */,
			);
			path = OwoxCart;
			sourceTree = "<group>";
		};
		92326FDE21768AE40044414B /* Core */ = {
			isa = PBXGroup;
			children = (
				92E2A571217C9FCE005D63CB /* UIView+Corners.swift */,
				92E2A569217B9834005D63CB /* BehaviorSubject.swift */,
				92AE294A2177C35A00A75415 /* Entities */,
				923270462176980C0044414B /* DomainServices */,
				923270592176980C0044414B /* InfrastructureServices */,
				923270522176980C0044414B /* Repositories */,
				92327044217697980044414B /* Assembler.swift */,
				92326FDF21768AE40044414B /* Core.h */,
				92326FE021768AE40044414B /* Info.plist */,
			);
			path = Core;
			sourceTree = "<group>";
		};
		92326FEA21768B1F0044414B /* Supporting Files */ = {
			isa = PBXGroup;
			children = (
				92326FEB21768B1F0044414B /* Info.plist */,
			);
			path = "Supporting Files";
			sourceTree = "<group>";
		};
		92326FEC21768B1F0044414B /* Resources */ = {
			isa = PBXGroup;
			children = (
				92AE29462177C2D600A75415 /* cart.json */,
				92AE29472177C2D600A75415 /* products.json */,
				9232702A2176958A0044414B /* Fonts */,
				92326FED21768B1F0044414B /* Assets.xcassets */,
				92326FEE21768B1F0044414B /* LaunchScreen.storyboard */,
			);
			path = Resources;
			sourceTree = "<group>";
		};
		92326FF221768B1F0044414B /* Common */ = {
			isa = PBXGroup;
			children = (
				92327042217697880044414B /* DependencyHelper.swift */,
				92327037217696F20044414B /* Navigation */,
				92327035217696CE0044414B /* BaseBinder.swift */,
				92327029217695650044414B /* Constants */,
			);
			path = Common;
			sourceTree = "<group>";
		};
		92326FF321768B1F0044414B /* Flows */ = {
			isa = PBXGroup;
			children = (
				92327016217693190044414B /* Cart */,
			);
			path = Flows;
			sourceTree = "<group>";
		};
		9232700021768E100044414B /* SwiftGen */ = {
			isa = PBXGroup;
			children = (
				92327030217696070044414B /* Stencils */,
				92327027217695420044414B /* Constants */,
				9232700121768E100044414B /* SwiftGen.h */,
				9232702F217695B60044414B /* Localizable.strings */,
				92E2A56F217C9288005D63CB /* Localizable.stringsdict */,
				9232700221768E100044414B /* Info.plist */,
				92AE29562177F87700A75415 /* df.swift */,
			);
			path = SwiftGen;
			sourceTree = "<group>";
		};
		92327016217693190044414B /* Cart */ = {
			isa = PBXGroup;
			children = (
				92E2A574217D00AE005D63CB /* Cart */,
				92E2A573217D00AE005D63CB /* Checkout */,
				92327017217693190044414B /* Cart.storyboard */,
				92327018217693190044414B /* CartFlowAssembly.swift */,
				92E2A585217D0311005D63CB /* CartEvents.swift */,
				9232701C217693190044414B /* CartFlowCoordinator.swift */,
			);
			path = Cart;
			sourceTree = "<group>";
		};
		92327027217695420044414B /* Constants */ = {
			isa = PBXGroup;
			children = (
				923270402176971D0044414B /* Texts.swift */,
			);
			path = Constants;
			sourceTree = "<group>";
		};
		92327029217695650044414B /* Constants */ = {
			isa = PBXGroup;
			children = (
				9232703C217697130044414B /* Images.swift */,
				9232703D217697130044414B /* Storyboards.swift */,
			);
			path = Constants;
			sourceTree = "<group>";
		};
		9232702A2176958A0044414B /* Fonts */ = {
			isa = PBXGroup;
			children = (
			);
			path = Fonts;
			sourceTree = "<group>";
		};
		92327030217696070044414B /* Stencils */ = {
			isa = PBXGroup;
			children = (
				92327032217696070044414B /* strings-custom.stencil */,
			);
			path = Stencils;
			sourceTree = "<group>";
		};
		92327037217696F20044414B /* Navigation */ = {
			isa = PBXGroup;
			children = (
				92327038217696F20044414B /* NavigationDisposePool.swift */,
				92327039217696F20044414B /* NavigationCoordinator.swift */,
			);
			path = Navigation;
			sourceTree = "<group>";
		};
		923270462176980C0044414B /* DomainServices */ = {
			isa = PBXGroup;
			children = (
				923270512176980C0044414B /* DomainServicesAssembly.swift */,
			);
			path = DomainServices;
			sourceTree = "<group>";
		};
		923270522176980C0044414B /* Repositories */ = {
			isa = PBXGroup;
			children = (
				92AE294D2177C42500A75415 /* ProductFileRepository.swift */,
				92E16E5A217B7B2D0074F4B0 /* InCartProductFileRepository.swift */,
				923270552176980C0044414B /* RepositoriesAssembly.swift */,
			);
			path = Repositories;
			sourceTree = "<group>";
		};
		923270592176980C0044414B /* InfrastructureServices */ = {
			isa = PBXGroup;
			children = (
				923270682176980C0044414B /* FileService.swift */,
				923270692176980C0044414B /* InfrastructureServicesAssembly.swift */,
			);
			path = InfrastructureServices;
			sourceTree = "<group>";
		};
		92AE294A2177C35A00A75415 /* Entities */ = {
			isa = PBXGroup;
			children = (
				92AE294B2177C36300A75415 /* Product.swift */,
				92E16E58217B746C0074F4B0 /* InCartProduct.swift */,
			);
			path = Entities;
			sourceTree = "<group>";
		};
		92E2A573217D00AE005D63CB /* Checkout */ = {
			isa = PBXGroup;
			children = (
				92E2A57F217D0169005D63CB /* CheckoutController.swift */,
				92E2A580217D0169005D63CB /* CheckoutBinder.swift */,
				92E2A581217D0169005D63CB /* CheckoutModel.swift */,
			);
			path = Checkout;
			sourceTree = "<group>";
		};
		92E2A574217D00AE005D63CB /* Cart */ = {
			isa = PBXGroup;
			children = (
				92E2A575217D00AE005D63CB /* ProductCell.swift */,
				92E2A576217D00AE005D63CB /* CartController.swift */,
				92E2A577217D00AE005D63CB /* CartBinder.swift */,
				92E2A578217D00AE005D63CB /* CartModel.swift */,
				92E2A579217D00AE005D63CB /* ProductCell.xib */,
			);
			path = Cart;
			sourceTree = "<group>";
		};
		C80D61BE291D90DE0DD576AA /* Frameworks */ = {
			isa = PBXGroup;
			children = (
				A95A872450AB461EB9F53946 /* Pods_Core.framework */,
				79CB1D890490743D61E9A118 /* Pods_OwoxCart.framework */,
				6ACCCF3885B7478628BD8C29 /* Pods_SwiftGen.framework */,
			);
			name = Frameworks;
			sourceTree = "<group>";
		};
/* End PBXGroup section */

/* Begin PBXHeadersBuildPhase section */
		92326FD821768AE40044414B /* Headers */ = {
			isa = PBXHeadersBuildPhase;
			buildActionMask = 2147483647;
			files = (
				92326FE121768AE40044414B /* Core.h in Headers */,
			);
			runOnlyForDeploymentPostprocessing = 0;
		};
		92326FFA21768E100044414B /* Headers */ = {
			isa = PBXHeadersBuildPhase;
			buildActionMask = 2147483647;
			files = (
				9232700321768E100044414B /* SwiftGen.h in Headers */,
			);
			runOnlyForDeploymentPostprocessing = 0;
		};
/* End PBXHeadersBuildPhase section */

/* Begin PBXNativeTarget section */
		92326FC2217681160044414B /* OwoxCart */ = {
			isa = PBXNativeTarget;
			buildConfigurationList = 92326FD5217681180044414B /* Build configuration list for PBXNativeTarget "OwoxCart" */;
			buildPhases = (
				42CBABC7EAB5407A1D41FEEA /* [CP] Check Pods Manifest.lock */,
				9232700C2176901D0044414B /* SwiftLint */,
				92326FBF217681160044414B /* Sources */,
				92326FC0217681160044414B /* Frameworks */,
				92326FC1217681160044414B /* Resources */,
				92326FE921768AE40044414B /* Embed Frameworks */,
				C86E24F6C523A1DFF4A16748 /* [CP] Embed Pods Frameworks */,
			);
			buildRules = (
			);
			dependencies = (
				9232700521768E100044414B /* PBXTargetDependency */,
				92326FE321768AE40044414B /* PBXTargetDependency */,
			);
			name = OwoxCart;
			productName = OwoxCart;
			productReference = 92326FC3217681170044414B /* OwoxCart.app */;
			productType = "com.apple.product-type.application";
		};
		92326FDC21768AE40044414B /* Core */ = {
			isa = PBXNativeTarget;
			buildConfigurationList = 92326FE621768AE40044414B /* Build configuration list for PBXNativeTarget "Core" */;
			buildPhases = (
				F80FE1259FDE3FE2B1180F51 /* [CP] Check Pods Manifest.lock */,
				92326FD821768AE40044414B /* Headers */,
				92326FD921768AE40044414B /* Sources */,
				92326FDA21768AE40044414B /* Frameworks */,
				92326FDB21768AE40044414B /* Resources */,
			);
			buildRules = (
			);
			dependencies = (
				92327026217694D90044414B /* PBXTargetDependency */,
			);
			name = Core;
			productName = Core;
			productReference = 92326FDD21768AE40044414B /* Core.framework */;
			productType = "com.apple.product-type.framework";
		};
		92326FFE21768E100044414B /* SwiftGen */ = {
			isa = PBXNativeTarget;
			buildConfigurationList = 9232700821768E100044414B /* Build configuration list for PBXNativeTarget "SwiftGen" */;
			buildPhases = (
				30FCB52539068F8EFF70FC20 /* [CP] Check Pods Manifest.lock */,
				92AE29512177F24800A75415 /* SwiftGen */,
				92326FFA21768E100044414B /* Headers */,
				92326FFB21768E100044414B /* Sources */,
				92326FFC21768E100044414B /* Frameworks */,
				92326FFD21768E100044414B /* Resources */,
			);
			buildRules = (
			);
			dependencies = (
			);
			name = SwiftGen;
			productName = SwiftGen;
			productReference = 92326FFF21768E100044414B /* SwiftGen.framework */;
			productType = "com.apple.product-type.framework";
		};
/* End PBXNativeTarget section */

/* Begin PBXProject section */
		92326FBB217681160044414B /* Project object */ = {
			isa = PBXProject;
			attributes = {
				LastSwiftUpdateCheck = 1000;
				LastUpgradeCheck = 1000;
				ORGANIZATIONNAME = "Stas Kirichok";
				TargetAttributes = {
					92326FC2217681160044414B = {
						CreatedOnToolsVersion = 10.0;
					};
					92326FDC21768AE40044414B = {
						CreatedOnToolsVersion = 10.0;
						LastSwiftMigration = 1000;
					};
					92326FFE21768E100044414B = {
						CreatedOnToolsVersion = 10.0;
						LastSwiftMigration = 1000;
					};
				};
			};
			buildConfigurationList = 92326FBE217681160044414B /* Build configuration list for PBXProject "OwoxCart" */;
			compatibilityVersion = "Xcode 9.3";
			developmentRegion = en;
			hasScannedForEncodings = 0;
			knownRegions = (
				en,
				ru,
				Base,
			);
			mainGroup = 92326FBA217681160044414B;
			productRefGroup = 92326FC4217681170044414B /* Products */;
			projectDirPath = "";
			projectRoot = "";
			targets = (
				92326FC2217681160044414B /* OwoxCart */,
				92326FDC21768AE40044414B /* Core */,
				92326FFE21768E100044414B /* SwiftGen */,
			);
		};
/* End PBXProject section */

/* Begin PBXResourcesBuildPhase section */
		92326FC1217681160044414B /* Resources */ = {
			isa = PBXResourcesBuildPhase;
			buildActionMask = 2147483647;
			files = (
				92AE29492177C2D600A75415 /* products.json in Resources */,
				92326FF721768B200044414B /* LaunchScreen.storyboard in Resources */,
				92E2A57E217D00AE005D63CB /* ProductCell.xib in Resources */,
				9232701D217693190044414B /* Cart.storyboard in Resources */,
				92326FF621768B200044414B /* Assets.xcassets in Resources */,
				92AE29482177C2D600A75415 /* cart.json in Resources */,
			);
			runOnlyForDeploymentPostprocessing = 0;
		};
		92326FDB21768AE40044414B /* Resources */ = {
			isa = PBXResourcesBuildPhase;
			buildActionMask = 2147483647;
			files = (
			);
			runOnlyForDeploymentPostprocessing = 0;
		};
		92326FFD21768E100044414B /* Resources */ = {
			isa = PBXResourcesBuildPhase;
			buildActionMask = 2147483647;
			files = (
				9232702D217695B60044414B /* Localizable.strings in Resources */,
				92327034217696070044414B /* strings-custom.stencil in Resources */,
				92E2A56D217C9288005D63CB /* Localizable.stringsdict in Resources */,
			);
			runOnlyForDeploymentPostprocessing = 0;
		};
/* End PBXResourcesBuildPhase section */

/* Begin PBXShellScriptBuildPhase section */
		30FCB52539068F8EFF70FC20 /* [CP] Check Pods Manifest.lock */ = {
			isa = PBXShellScriptBuildPhase;
			buildActionMask = 2147483647;
			files = (
			);
			inputPaths = (
				"${PODS_PODFILE_DIR_PATH}/Podfile.lock",
				"${PODS_ROOT}/Manifest.lock",
			);
			name = "[CP] Check Pods Manifest.lock";
			outputPaths = (
				"$(DERIVED_FILE_DIR)/Pods-SwiftGen-checkManifestLockResult.txt",
			);
			runOnlyForDeploymentPostprocessing = 0;
			shellPath = /bin/sh;
			shellScript = "diff \"${PODS_PODFILE_DIR_PATH}/Podfile.lock\" \"${PODS_ROOT}/Manifest.lock\" > /dev/null\nif [ $? != 0 ] ; then\n    # print error to STDERR\n    echo \"error: The sandbox is not in sync with the Podfile.lock. Run 'pod install' or update your CocoaPods installation.\" >&2\n    exit 1\nfi\n# This output is used by Xcode 'outputs' to avoid re-running this script phase.\necho \"SUCCESS\" > \"${SCRIPT_OUTPUT_FILE_0}\"\n";
			showEnvVarsInLog = 0;
		};
		42CBABC7EAB5407A1D41FEEA /* [CP] Check Pods Manifest.lock */ = {
			isa = PBXShellScriptBuildPhase;
			buildActionMask = 2147483647;
			files = (
			);
			inputPaths = (
				"${PODS_PODFILE_DIR_PATH}/Podfile.lock",
				"${PODS_ROOT}/Manifest.lock",
			);
			name = "[CP] Check Pods Manifest.lock";
			outputPaths = (
				"$(DERIVED_FILE_DIR)/Pods-OwoxCart-checkManifestLockResult.txt",
			);
			runOnlyForDeploymentPostprocessing = 0;
			shellPath = /bin/sh;
			shellScript = "diff \"${PODS_PODFILE_DIR_PATH}/Podfile.lock\" \"${PODS_ROOT}/Manifest.lock\" > /dev/null\nif [ $? != 0 ] ; then\n    # print error to STDERR\n    echo \"error: The sandbox is not in sync with the Podfile.lock. Run 'pod install' or update your CocoaPods installation.\" >&2\n    exit 1\nfi\n# This output is used by Xcode 'outputs' to avoid re-running this script phase.\necho \"SUCCESS\" > \"${SCRIPT_OUTPUT_FILE_0}\"\n";
			showEnvVarsInLog = 0;
		};
		9232700C2176901D0044414B /* SwiftLint */ = {
			isa = PBXShellScriptBuildPhase;
			buildActionMask = 2147483647;
			files = (
			);
			inputFileListPaths = (
			);
			inputPaths = (
			);
			name = SwiftLint;
			outputFileListPaths = (
			);
			outputPaths = (
			);
			runOnlyForDeploymentPostprocessing = 0;
			shellPath = /bin/sh;
			shellScript = "if which ${PODS_ROOT}/SwiftLint/swiftlint >/dev/null; then\n${PODS_ROOT}/SwiftLint/swiftlint\nelse\necho \"warning: SwiftLint not installed, download from https://github.com/realm/SwiftLint\"\nfi\n";
		};
		92AE29512177F24800A75415 /* SwiftGen */ = {
			isa = PBXShellScriptBuildPhase;
			buildActionMask = 2147483647;
			files = (
			);
			inputFileListPaths = (
			);
			inputPaths = (
			);
			name = SwiftGen;
			outputFileListPaths = (
			);
			outputPaths = (
			);
			runOnlyForDeploymentPostprocessing = 0;
			shellPath = /bin/sh;
			shellScript = "SWIFTGEN=$PODS_ROOT/SwiftGen/bin/swiftgen\n\nif which $SWIFTGEN >/dev/null; then\n$SWIFTGEN\nelse\necho \"warning: SwiftGen not installed, download it from https://github.com/AliSoftware/SwiftGen\"\nfi\n";
		};
		C86E24F6C523A1DFF4A16748 /* [CP] Embed Pods Frameworks */ = {
			isa = PBXShellScriptBuildPhase;
			buildActionMask = 2147483647;
			files = (
			);
			inputPaths = (
				"${SRCROOT}/Pods/Target Support Files/Pods-OwoxCart/Pods-OwoxCart-frameworks.sh",
				"${BUILT_PRODUCTS_DIR}/Differentiator/Differentiator.framework",
				"${BUILT_PRODUCTS_DIR}/EventsTree/EventsTree.framework",
				"${BUILT_PRODUCTS_DIR}/Kingfisher/Kingfisher.framework",
				"${BUILT_PRODUCTS_DIR}/Reusable/Reusable.framework",
				"${BUILT_PRODUCTS_DIR}/RxCocoa/RxCocoa.framework",
				"${BUILT_PRODUCTS_DIR}/RxDataSources/RxDataSources.framework",
				"${BUILT_PRODUCTS_DIR}/RxOptional/RxOptional.framework",
				"${BUILT_PRODUCTS_DIR}/RxSwift/RxSwift.framework",
				"${BUILT_PRODUCTS_DIR}/RxViewController/RxViewController.framework",
				"${BUILT_PRODUCTS_DIR}/Swinject/Swinject.framework",
				"${BUILT_PRODUCTS_DIR}/SwinjectAutoregistration/SwinjectAutoregistration.framework",
				"${BUILT_PRODUCTS_DIR}/ValueStepper/ValueStepper.framework",
				"${BUILT_PRODUCTS_DIR}/Unbox/Unbox.framework",
			);
			name = "[CP] Embed Pods Frameworks";
			outputPaths = (
				"${TARGET_BUILD_DIR}/${FRAMEWORKS_FOLDER_PATH}/Differentiator.framework",
				"${TARGET_BUILD_DIR}/${FRAMEWORKS_FOLDER_PATH}/EventsTree.framework",
				"${TARGET_BUILD_DIR}/${FRAMEWORKS_FOLDER_PATH}/Kingfisher.framework",
				"${TARGET_BUILD_DIR}/${FRAMEWORKS_FOLDER_PATH}/Reusable.framework",
				"${TARGET_BUILD_DIR}/${FRAMEWORKS_FOLDER_PATH}/RxCocoa.framework",
				"${TARGET_BUILD_DIR}/${FRAMEWORKS_FOLDER_PATH}/RxDataSources.framework",
				"${TARGET_BUILD_DIR}/${FRAMEWORKS_FOLDER_PATH}/RxOptional.framework",
				"${TARGET_BUILD_DIR}/${FRAMEWORKS_FOLDER_PATH}/RxSwift.framework",
				"${TARGET_BUILD_DIR}/${FRAMEWORKS_FOLDER_PATH}/RxViewController.framework",
				"${TARGET_BUILD_DIR}/${FRAMEWORKS_FOLDER_PATH}/Swinject.framework",
				"${TARGET_BUILD_DIR}/${FRAMEWORKS_FOLDER_PATH}/SwinjectAutoregistration.framework",
				"${TARGET_BUILD_DIR}/${FRAMEWORKS_FOLDER_PATH}/ValueStepper.framework",
				"${TARGET_BUILD_DIR}/${FRAMEWORKS_FOLDER_PATH}/Unbox.framework",
			);
			runOnlyForDeploymentPostprocessing = 0;
			shellPath = /bin/sh;
			shellScript = "\"${SRCROOT}/Pods/Target Support Files/Pods-OwoxCart/Pods-OwoxCart-frameworks.sh\"\n";
			showEnvVarsInLog = 0;
		};
		F80FE1259FDE3FE2B1180F51 /* [CP] Check Pods Manifest.lock */ = {
			isa = PBXShellScriptBuildPhase;
			buildActionMask = 2147483647;
			files = (
			);
			inputPaths = (
				"${PODS_PODFILE_DIR_PATH}/Podfile.lock",
				"${PODS_ROOT}/Manifest.lock",
			);
			name = "[CP] Check Pods Manifest.lock";
			outputPaths = (
				"$(DERIVED_FILE_DIR)/Pods-Core-checkManifestLockResult.txt",
			);
			runOnlyForDeploymentPostprocessing = 0;
			shellPath = /bin/sh;
			shellScript = "diff \"${PODS_PODFILE_DIR_PATH}/Podfile.lock\" \"${PODS_ROOT}/Manifest.lock\" > /dev/null\nif [ $? != 0 ] ; then\n    # print error to STDERR\n    echo \"error: The sandbox is not in sync with the Podfile.lock. Run 'pod install' or update your CocoaPods installation.\" >&2\n    exit 1\nfi\n# This output is used by Xcode 'outputs' to avoid re-running this script phase.\necho \"SUCCESS\" > \"${SCRIPT_OUTPUT_FILE_0}\"\n";
			showEnvVarsInLog = 0;
		};
/* End PBXShellScriptBuildPhase section */

/* Begin PBXSourcesBuildPhase section */
		92326FBF217681160044414B /* Sources */ = {
			isa = PBXSourcesBuildPhase;
			buildActionMask = 2147483647;
			files = (
				92327036217696CE0044414B /* BaseBinder.swift in Sources */,
				92326FC7217681170044414B /* AppDelegate.swift in Sources */,
				92327022217693190044414B /* CartFlowCoordinator.swift in Sources */,
				92E2A57A217D00AE005D63CB /* ProductCell.swift in Sources */,
				9232703F217697130044414B /* Storyboards.swift in Sources */,
				92E2A584217D0169005D63CB /* CheckoutModel.swift in Sources */,
				92E2A586217D0311005D63CB /* CartEvents.swift in Sources */,
				92E2A582217D0169005D63CB /* CheckoutController.swift in Sources */,
				92E2A57B217D00AE005D63CB /* CartController.swift in Sources */,
				9232703B217696F20044414B /* NavigationCoordinator.swift in Sources */,
				92E2A57C217D00AE005D63CB /* CartBinder.swift in Sources */,
				92E2A57D217D00AE005D63CB /* CartModel.swift in Sources */,
				92327043217697880044414B /* DependencyHelper.swift in Sources */,
				9232703E217697130044414B /* Images.swift in Sources */,
				9232701E217693190044414B /* CartFlowAssembly.swift in Sources */,
				92E2A583217D0169005D63CB /* CheckoutBinder.swift in Sources */,
				9232703A217696F20044414B /* NavigationDisposePool.swift in Sources */,
			);
			runOnlyForDeploymentPostprocessing = 0;
		};
		92326FD921768AE40044414B /* Sources */ = {
			isa = PBXSourcesBuildPhase;
			buildActionMask = 2147483647;
			files = (
				92E16E59217B746C0074F4B0 /* InCartProduct.swift in Sources */,
				9232708B2176980C0044414B /* FileService.swift in Sources */,
				9232707E2176980C0044414B /* RepositoriesAssembly.swift in Sources */,
				9232707B2176980C0044414B /* DomainServicesAssembly.swift in Sources */,
				92E16E5B217B7B2D0074F4B0 /* InCartProductFileRepository.swift in Sources */,
				9232708C2176980C0044414B /* InfrastructureServicesAssembly.swift in Sources */,
				92E2A56A217B9834005D63CB /* BehaviorSubject.swift in Sources */,
				92327045217697980044414B /* Assembler.swift in Sources */,
				92AE294E2177C42500A75415 /* ProductFileRepository.swift in Sources */,
				92E2A572217C9FCE005D63CB /* UIView+Corners.swift in Sources */,
				92AE294C2177C36300A75415 /* Product.swift in Sources */,
			);
			runOnlyForDeploymentPostprocessing = 0;
		};
		92326FFB21768E100044414B /* Sources */ = {
			isa = PBXSourcesBuildPhase;
			buildActionMask = 2147483647;
			files = (
				923270412176971D0044414B /* Texts.swift in Sources */,
				92AE29572177F87700A75415 /* df.swift in Sources */,
			);
			runOnlyForDeploymentPostprocessing = 0;
		};
/* End PBXSourcesBuildPhase section */

/* Begin PBXTargetDependency section */
		92326FE321768AE40044414B /* PBXTargetDependency */ = {
			isa = PBXTargetDependency;
			target = 92326FDC21768AE40044414B /* Core */;
			targetProxy = 92326FE221768AE40044414B /* PBXContainerItemProxy */;
		};
		9232700521768E100044414B /* PBXTargetDependency */ = {
			isa = PBXTargetDependency;
			target = 92326FFE21768E100044414B /* SwiftGen */;
			targetProxy = 9232700421768E100044414B /* PBXContainerItemProxy */;
		};
		92327026217694D90044414B /* PBXTargetDependency */ = {
			isa = PBXTargetDependency;
			target = 92326FFE21768E100044414B /* SwiftGen */;
			targetProxy = 92327025217694D90044414B /* PBXContainerItemProxy */;
		};
/* End PBXTargetDependency section */

/* Begin PBXVariantGroup section */
		92326FEE21768B1F0044414B /* LaunchScreen.storyboard */ = {
			isa = PBXVariantGroup;
			children = (
				92AE29542177F47800A75415 /* Base */,
			);
			name = LaunchScreen.storyboard;
			sourceTree = "<group>";
		};
		9232702F217695B60044414B /* Localizable.strings */ = {
			isa = PBXVariantGroup;
			children = (
				92AE29532177F46B00A75415 /* en */,
				92AE29582177FCAA00A75415 /* ru */,
			);
			name = Localizable.strings;
			sourceTree = "<group>";
		};
		92E2A56F217C9288005D63CB /* Localizable.stringsdict */ = {
			isa = PBXVariantGroup;
			children = (
				92E2A56E217C9288005D63CB /* en */,
				92E2A570217C928B005D63CB /* ru */,
			);
			name = Localizable.stringsdict;
			sourceTree = "<group>";
		};
/* End PBXVariantGroup section */

/* Begin XCBuildConfiguration section */
		92326FD3217681180044414B /* Debug */ = {
			isa = XCBuildConfiguration;
			buildSettings = {
				ALWAYS_EMBED_SWIFT_STANDARD_LIBRARIES = "$(inherited)";
				ALWAYS_SEARCH_USER_PATHS = NO;
				CLANG_ANALYZER_LOCALIZABILITY_NONLOCALIZED = YES;
				CLANG_ANALYZER_NONNULL = YES;
				CLANG_ANALYZER_NUMBER_OBJECT_CONVERSION = YES_AGGRESSIVE;
				CLANG_CXX_LANGUAGE_STANDARD = "gnu++14";
				CLANG_CXX_LIBRARY = "libc++";
				CLANG_ENABLE_MODULES = YES;
				CLANG_ENABLE_OBJC_ARC = YES;
				CLANG_ENABLE_OBJC_WEAK = YES;
				CLANG_WARN_BLOCK_CAPTURE_AUTORELEASING = YES;
				CLANG_WARN_BOOL_CONVERSION = YES;
				CLANG_WARN_COMMA = YES;
				CLANG_WARN_CONSTANT_CONVERSION = YES;
				CLANG_WARN_DEPRECATED_OBJC_IMPLEMENTATIONS = YES;
				CLANG_WARN_DIRECT_OBJC_ISA_USAGE = YES_ERROR;
				CLANG_WARN_DOCUMENTATION_COMMENTS = YES;
				CLANG_WARN_EMPTY_BODY = YES;
				CLANG_WARN_ENUM_CONVERSION = YES;
				CLANG_WARN_INFINITE_RECURSION = YES;
				CLANG_WARN_INT_CONVERSION = YES;
				CLANG_WARN_NON_LITERAL_NULL_CONVERSION = YES;
				CLANG_WARN_OBJC_IMPLICIT_RETAIN_SELF = YES;
				CLANG_WARN_OBJC_LITERAL_CONVERSION = YES;
				CLANG_WARN_OBJC_ROOT_CLASS = YES_ERROR;
				CLANG_WARN_RANGE_LOOP_ANALYSIS = YES;
				CLANG_WARN_STRICT_PROTOTYPES = YES;
				CLANG_WARN_SUSPICIOUS_MOVE = YES;
				CLANG_WARN_UNGUARDED_AVAILABILITY = YES_AGGRESSIVE;
				CLANG_WARN_UNREACHABLE_CODE = YES;
				CLANG_WARN__DUPLICATE_METHOD_MATCH = YES;
				CODE_SIGN_IDENTITY = "iPhone Developer";
				COPY_PHASE_STRIP = NO;
				DEBUG_INFORMATION_FORMAT = dwarf;
				ENABLE_STRICT_OBJC_MSGSEND = YES;
				ENABLE_TESTABILITY = YES;
				GCC_C_LANGUAGE_STANDARD = gnu11;
				GCC_DYNAMIC_NO_PIC = NO;
				GCC_NO_COMMON_BLOCKS = YES;
				GCC_OPTIMIZATION_LEVEL = 0;
				GCC_PREPROCESSOR_DEFINITIONS = (
					"DEBUG=1",
					"$(inherited)",
				);
				GCC_WARN_64_TO_32_BIT_CONVERSION = YES;
				GCC_WARN_ABOUT_RETURN_TYPE = YES_ERROR;
				GCC_WARN_UNDECLARED_SELECTOR = YES;
				GCC_WARN_UNINITIALIZED_AUTOS = YES_AGGRESSIVE;
				GCC_WARN_UNUSED_FUNCTION = YES;
				GCC_WARN_UNUSED_VARIABLE = YES;
				IPHONEOS_DEPLOYMENT_TARGET = 11.4;
				MTL_ENABLE_DEBUG_INFO = INCLUDE_SOURCE;
				MTL_FAST_MATH = YES;
				ONLY_ACTIVE_ARCH = YES;
				SDKROOT = iphoneos;
				SWIFT_ACTIVE_COMPILATION_CONDITIONS = DEBUG;
				SWIFT_OPTIMIZATION_LEVEL = "-Onone";
			};
			name = Debug;
		};
		92326FD4217681180044414B /* Release */ = {
			isa = XCBuildConfiguration;
			buildSettings = {
				ALWAYS_EMBED_SWIFT_STANDARD_LIBRARIES = "$(inherited)";
				ALWAYS_SEARCH_USER_PATHS = NO;
				CLANG_ANALYZER_LOCALIZABILITY_NONLOCALIZED = YES;
				CLANG_ANALYZER_NONNULL = YES;
				CLANG_ANALYZER_NUMBER_OBJECT_CONVERSION = YES_AGGRESSIVE;
				CLANG_CXX_LANGUAGE_STANDARD = "gnu++14";
				CLANG_CXX_LIBRARY = "libc++";
				CLANG_ENABLE_MODULES = YES;
				CLANG_ENABLE_OBJC_ARC = YES;
				CLANG_ENABLE_OBJC_WEAK = YES;
				CLANG_WARN_BLOCK_CAPTURE_AUTORELEASING = YES;
				CLANG_WARN_BOOL_CONVERSION = YES;
				CLANG_WARN_COMMA = YES;
				CLANG_WARN_CONSTANT_CONVERSION = YES;
				CLANG_WARN_DEPRECATED_OBJC_IMPLEMENTATIONS = YES;
				CLANG_WARN_DIRECT_OBJC_ISA_USAGE = YES_ERROR;
				CLANG_WARN_DOCUMENTATION_COMMENTS = YES;
				CLANG_WARN_EMPTY_BODY = YES;
				CLANG_WARN_ENUM_CONVERSION = YES;
				CLANG_WARN_INFINITE_RECURSION = YES;
				CLANG_WARN_INT_CONVERSION = YES;
				CLANG_WARN_NON_LITERAL_NULL_CONVERSION = YES;
				CLANG_WARN_OBJC_IMPLICIT_RETAIN_SELF = YES;
				CLANG_WARN_OBJC_LITERAL_CONVERSION = YES;
				CLANG_WARN_OBJC_ROOT_CLASS = YES_ERROR;
				CLANG_WARN_RANGE_LOOP_ANALYSIS = YES;
				CLANG_WARN_STRICT_PROTOTYPES = YES;
				CLANG_WARN_SUSPICIOUS_MOVE = YES;
				CLANG_WARN_UNGUARDED_AVAILABILITY = YES_AGGRESSIVE;
				CLANG_WARN_UNREACHABLE_CODE = YES;
				CLANG_WARN__DUPLICATE_METHOD_MATCH = YES;
				CODE_SIGN_IDENTITY = "iPhone Developer";
				COPY_PHASE_STRIP = NO;
				DEBUG_INFORMATION_FORMAT = "dwarf-with-dsym";
				ENABLE_NS_ASSERTIONS = NO;
				ENABLE_STRICT_OBJC_MSGSEND = YES;
				GCC_C_LANGUAGE_STANDARD = gnu11;
				GCC_NO_COMMON_BLOCKS = YES;
				GCC_WARN_64_TO_32_BIT_CONVERSION = YES;
				GCC_WARN_ABOUT_RETURN_TYPE = YES_ERROR;
				GCC_WARN_UNDECLARED_SELECTOR = YES;
				GCC_WARN_UNINITIALIZED_AUTOS = YES_AGGRESSIVE;
				GCC_WARN_UNUSED_FUNCTION = YES;
				GCC_WARN_UNUSED_VARIABLE = YES;
				IPHONEOS_DEPLOYMENT_TARGET = 11.4;
				MTL_ENABLE_DEBUG_INFO = NO;
				MTL_FAST_MATH = YES;
				SDKROOT = iphoneos;
				SWIFT_COMPILATION_MODE = wholemodule;
				SWIFT_OPTIMIZATION_LEVEL = "-O";
				VALIDATE_PRODUCT = YES;
			};
			name = Release;
		};
		92326FD6217681180044414B /* Debug */ = {
			isa = XCBuildConfiguration;
			baseConfigurationReference = 01C95D676203593D7CB7ADBD /* Pods-OwoxCart.debug.xcconfig */;
			buildSettings = {
				ALWAYS_EMBED_SWIFT_STANDARD_LIBRARIES = "$(inherited)";
				ASSETCATALOG_COMPILER_APPICON_NAME = AppIcon;
				CODE_SIGN_STYLE = Automatic;
				DEVELOPMENT_TEAM = 6A7Q4BNBM9;
				INFOPLIST_FILE = "$(SRCROOT)/OwoxCart/Supporting Files/Info.plist";
				LD_RUNPATH_SEARCH_PATHS = (
					"$(inherited)",
					"@executable_path/Frameworks",
				);
				PRODUCT_BUNDLE_IDENTIFIER = com.kirichok.OwoxCart;
				PRODUCT_NAME = "$(TARGET_NAME)";
				SWIFT_VERSION = 4.2;
				TARGETED_DEVICE_FAMILY = "1,2";
			};
			name = Debug;
		};
		92326FD7217681180044414B /* Release */ = {
			isa = XCBuildConfiguration;
			baseConfigurationReference = 4FBA0CC29A9DDA1394B748E2 /* Pods-OwoxCart.release.xcconfig */;
			buildSettings = {
				ALWAYS_EMBED_SWIFT_STANDARD_LIBRARIES = "$(inherited)";
				ASSETCATALOG_COMPILER_APPICON_NAME = AppIcon;
				CODE_SIGN_STYLE = Automatic;
				DEVELOPMENT_TEAM = 6A7Q4BNBM9;
				INFOPLIST_FILE = "$(SRCROOT)/OwoxCart/Supporting Files/Info.plist";
				LD_RUNPATH_SEARCH_PATHS = (
					"$(inherited)",
					"@executable_path/Frameworks",
				);
				PRODUCT_BUNDLE_IDENTIFIER = com.kirichok.OwoxCart;
				PRODUCT_NAME = "$(TARGET_NAME)";
				SWIFT_VERSION = 4.2;
				TARGETED_DEVICE_FAMILY = "1,2";
			};
			name = Release;
		};
		92326FE721768AE40044414B /* Debug */ = {
			isa = XCBuildConfiguration;
			baseConfigurationReference = 9F3CB1180A6A3C416C4C201A /* Pods-Core.debug.xcconfig */;
			buildSettings = {
				CLANG_ENABLE_MODULES = YES;
				CODE_SIGN_IDENTITY = "";
				CODE_SIGN_STYLE = Automatic;
				CURRENT_PROJECT_VERSION = 1;
				DEFINES_MODULE = YES;
				DYLIB_COMPATIBILITY_VERSION = 1;
				DYLIB_CURRENT_VERSION = 1;
				DYLIB_INSTALL_NAME_BASE = "@rpath";
				INFOPLIST_FILE = Core/Info.plist;
				INSTALL_PATH = "$(LOCAL_LIBRARY_DIR)/Frameworks";
				LD_RUNPATH_SEARCH_PATHS = (
					"$(inherited)",
					"@executable_path/Frameworks",
					"@loader_path/Frameworks",
				);
				PRODUCT_BUNDLE_IDENTIFIER = com.kirichok.Core;
				PRODUCT_NAME = "$(TARGET_NAME:c99extidentifier)";
				SKIP_INSTALL = YES;
				SWIFT_OPTIMIZATION_LEVEL = "-Onone";
				SWIFT_VERSION = 4.2;
				TARGETED_DEVICE_FAMILY = "1,2";
				VERSIONING_SYSTEM = "apple-generic";
				VERSION_INFO_PREFIX = "";
			};
			name = Debug;
		};
		92326FE821768AE40044414B /* Release */ = {
			isa = XCBuildConfiguration;
			baseConfigurationReference = 5991A74C932BEB9DB31EA216 /* Pods-Core.release.xcconfig */;
			buildSettings = {
				CLANG_ENABLE_MODULES = YES;
				CODE_SIGN_IDENTITY = "";
				CODE_SIGN_STYLE = Automatic;
				CURRENT_PROJECT_VERSION = 1;
				DEFINES_MODULE = YES;
				DYLIB_COMPATIBILITY_VERSION = 1;
				DYLIB_CURRENT_VERSION = 1;
				DYLIB_INSTALL_NAME_BASE = "@rpath";
				INFOPLIST_FILE = Core/Info.plist;
				INSTALL_PATH = "$(LOCAL_LIBRARY_DIR)/Frameworks";
				LD_RUNPATH_SEARCH_PATHS = (
					"$(inherited)",
					"@executable_path/Frameworks",
					"@loader_path/Frameworks",
				);
				PRODUCT_BUNDLE_IDENTIFIER = com.kirichok.Core;
				PRODUCT_NAME = "$(TARGET_NAME:c99extidentifier)";
				SKIP_INSTALL = YES;
				SWIFT_VERSION = 4.2;
				TARGETED_DEVICE_FAMILY = "1,2";
				VERSIONING_SYSTEM = "apple-generic";
				VERSION_INFO_PREFIX = "";
			};
			name = Release;
		};
		9232700921768E100044414B /* Debug */ = {
			isa = XCBuildConfiguration;
			baseConfigurationReference = D8E63BF54F598E188BCFD0D4 /* Pods-SwiftGen.debug.xcconfig */;
			buildSettings = {
				CLANG_ENABLE_MODULES = YES;
				CODE_SIGN_IDENTITY = "";
				CODE_SIGN_STYLE = Automatic;
				CURRENT_PROJECT_VERSION = 1;
				DEFINES_MODULE = YES;
				DYLIB_COMPATIBILITY_VERSION = 1;
				DYLIB_CURRENT_VERSION = 1;
				DYLIB_INSTALL_NAME_BASE = "@rpath";
				INFOPLIST_FILE = SwiftGen/Info.plist;
				INSTALL_PATH = "$(LOCAL_LIBRARY_DIR)/Frameworks";
				IPHONEOS_DEPLOYMENT_TARGET = 11.4;
				LD_RUNPATH_SEARCH_PATHS = (
					"$(inherited)",
					"@executable_path/Frameworks",
					"@loader_path/Frameworks",
				);
				MODULE_NAME = 11;
				PRODUCT_BUNDLE_IDENTIFIER = com.kirichok.SwiftGen;
				PRODUCT_NAME = "$(TARGET_NAME:c99extidentifier)";
				SKIP_INSTALL = YES;
				SWIFT_OPTIMIZATION_LEVEL = "-Onone";
				SWIFT_VERSION = 4.2;
				TARGETED_DEVICE_FAMILY = "1,2";
				VERSIONING_SYSTEM = "apple-generic";
				VERSION_INFO_PREFIX = "";
			};
			name = Debug;
		};
		9232700A21768E100044414B /* Release */ = {
			isa = XCBuildConfiguration;
			baseConfigurationReference = 6427AEF666C76563AAE3177B /* Pods-SwiftGen.release.xcconfig */;
			buildSettings = {
				CLANG_ENABLE_MODULES = YES;
				CODE_SIGN_IDENTITY = "";
				CODE_SIGN_STYLE = Automatic;
				CURRENT_PROJECT_VERSION = 1;
				DEFINES_MODULE = YES;
				DYLIB_COMPATIBILITY_VERSION = 1;
				DYLIB_CURRENT_VERSION = 1;
				DYLIB_INSTALL_NAME_BASE = "@rpath";
				INFOPLIST_FILE = SwiftGen/Info.plist;
				INSTALL_PATH = "$(LOCAL_LIBRARY_DIR)/Frameworks";
				IPHONEOS_DEPLOYMENT_TARGET = 11.4;
				LD_RUNPATH_SEARCH_PATHS = (
					"$(inherited)",
					"@executable_path/Frameworks",
					"@loader_path/Frameworks",
				);
				MODULE_NAME = 11;
				PRODUCT_BUNDLE_IDENTIFIER = com.kirichok.SwiftGen;
				PRODUCT_NAME = "$(TARGET_NAME:c99extidentifier)";
				SKIP_INSTALL = YES;
				SWIFT_VERSION = 4.2;
				TARGETED_DEVICE_FAMILY = "1,2";
				VERSIONING_SYSTEM = "apple-generic";
				VERSION_INFO_PREFIX = "";
			};
			name = Release;
		};
/* End XCBuildConfiguration section */

/* Begin XCConfigurationList section */
		92326FBE217681160044414B /* Build configuration list for PBXProject "OwoxCart" */ = {
			isa = XCConfigurationList;
			buildConfigurations = (
				92326FD3217681180044414B /* Debug */,
				92326FD4217681180044414B /* Release */,
			);
			defaultConfigurationIsVisible = 0;
			defaultConfigurationName = Release;
		};
		92326FD5217681180044414B /* Build configuration list for PBXNativeTarget "OwoxCart" */ = {
			isa = XCConfigurationList;
			buildConfigurations = (
				92326FD6217681180044414B /* Debug */,
				92326FD7217681180044414B /* Release */,
			);
			defaultConfigurationIsVisible = 0;
			defaultConfigurationName = Release;
		};
		92326FE621768AE40044414B /* Build configuration list for PBXNativeTarget "Core" */ = {
			isa = XCConfigurationList;
			buildConfigurations = (
				92326FE721768AE40044414B /* Debug */,
				92326FE821768AE40044414B /* Release */,
			);
			defaultConfigurationIsVisible = 0;
			defaultConfigurationName = Release;
		};
		9232700821768E100044414B /* Build configuration list for PBXNativeTarget "SwiftGen" */ = {
			isa = XCConfigurationList;
			buildConfigurations = (
				9232700921768E100044414B /* Debug */,
				9232700A21768E100044414B /* Release */,
			);
			defaultConfigurationIsVisible = 0;
			defaultConfigurationName = Release;
		};
/* End XCConfigurationList section */
	};
	rootObject = 92326FBB217681160044414B /* Project object */;
}
